
Microsoft Visual Studio Solution File, Format Version 12.00
# Visual Studio Version 17
VisualStudioVersion = 17.7.34024.191
MinimumVisualStudioVersion = 10.0.40219.1
Project("{9A19103F-16F7-4668-BE54-9A1E7A4F7556}") = "ConsoleApp1", "ConsoleApp1\ConsoleApp1.csproj", "{43B497B2-B427-4ED2-97AC-60828DDC1765}"
EndProject
Project("{2150E333-8FDC-42A3-9474-1A3956D46DE8}") = "Элементы решения", "Элементы решения", "{455D0BD3-6446-4AB0-8D48-AF907EFF2463}"
EndProject
Global
	GlobalSection(SolutionConfigurationPlatforms) = preSolution
		Debug|Any CPU = Debug|Any CPU
		Release|Any CPU = Release|Any CPU
	EndGlobalSection
	GlobalSection(ProjectConfigurationPlatforms) = postSolution
		{43B497B2-B427-4ED2-97AC-60828DDC1765}.Debug|Any CPU.ActiveCfg = Debug|Any CPU
		{43B497B2-B427-4ED2-97AC-60828DDC1765}.Debug|Any CPU.Build.0 = Debug|Any CPU
		{43B497B2-B427-4ED2-97AC-60828DDC1765}.Release|Any CPU.ActiveCfg = Release|Any CPU
		{43B497B2-B427-4ED2-97AC-60828DDC1765}.Release|Any CPU.Build.0 = Release|Any CPU
	EndGlobalSection
	GlobalSection(SolutionProperties) = preSolution
		HideSolutionNode = FALSE
	EndGlobalSection
	GlobalSection(ExtensibilityGlobals) = postSolution
		SolutionGuid = {F2165EFC-EB48-4EBF-B0EE-B8D4523AA1B5}
	EndGlobalSection
EndGlobal
