
Microsoft Visual Studio Solution File, Format Version 12.00
# Visual Studio Version 17
VisualStudioVersion = 17.7.34024.191
MinimumVisualStudioVersion = 10.0.40219.1
Project("{FAE04EC0-301F-11D3-BF4B-00C04F79EFBC}") = "ConsoleApp4", "ConsoleApp4\ConsoleApp4.csproj", "{B977FDAD-F5E9-4A0C-A081-0C25AB49DC79}"
EndProject
Global
	GlobalSection(SolutionConfigurationPlatforms) = preSolution
		Debug|Any CPU = Debug|Any CPU
		Release|Any CPU = Release|Any CPU
	EndGlobalSection
	GlobalSection(ProjectConfigurationPlatforms) = postSolution
		{B977FDAD-F5E9-4A0C-A081-0C25AB49DC79}.Debug|Any CPU.ActiveCfg = Debug|Any CPU
		{B977FDAD-F5E9-4A0C-A081-0C25AB49DC79}.Debug|Any CPU.Build.0 = Debug|Any CPU
		{B977FDAD-F5E9-4A0C-A081-0C25AB49DC79}.Release|Any CPU.ActiveCfg = Release|Any CPU
		{B977FDAD-F5E9-4A0C-A081-0C25AB49DC79}.Release|Any CPU.Build.0 = Release|Any CPU
	EndGlobalSection
	GlobalSection(SolutionProperties) = preSolution
		HideSolutionNode = FALSE
	EndGlobalSection
	GlobalSection(ExtensibilityGlobals) = postSolution
		SolutionGuid = {A1347F9A-CE39-4397-8544-073E57E63318}
	EndGlobalSection
EndGlobal
